
Microsoft Visual Studio Solution File, Format Version 12.00
# Visual Studio Version 17
VisualStudioVersion = 17.14.36202.13 d17.14
MinimumVisualStudioVersion = 10.0.40219.1
Project("{FAE04EC0-301F-11D3-BF4B-00C04F79EFBC}") = "PhoneStore_Website", "PhoneStore_Website.csproj", "{794DF853-A6B9-4810-8123-680C10B16DEF}"
EndProject
Global
	GlobalSection(SolutionConfigurationPlatforms) = preSolution
		Debug|Any CPU = Debug|Any CPU
		Release|Any CPU = Release|Any CPU
	EndGlobalSection
	GlobalSection(ProjectConfigurationPlatforms) = postSolution
		{794DF853-A6B9-4810-8123-680C10B16DEF}.Debug|Any CPU.ActiveCfg = Debug|Any CPU
		{794DF853-A6B9-4810-8123-680C10B16DEF}.Debug|Any CPU.Build.0 = Debug|Any CPU
		{794DF853-A6B9-4810-8123-680C10B16DEF}.Release|Any CPU.ActiveCfg = Release|Any CPU
		{794DF853-A6B9-4810-8123-680C10B16DEF}.Release|Any CPU.Build.0 = Release|Any CPU
	EndGlobalSection
	GlobalSection(SolutionProperties) = preSolution
		HideSolutionNode = FALSE
	EndGlobalSection
	GlobalSection(ExtensibilityGlobals) = postSolution
		SolutionGuid = {CFBA1387-4F78-4F27-87AD-8840BC76FD86}
	EndGlobalSection
EndGlobal
